// !$*UTF8*$!
{
	archiveVersion = 1;
	classes = {
	};
	objectVersion = 48;
	objects = {

/* Begin PBXBuildFile section */
		C48DEE7D20030BEA00F80C44 /* libCmn.a in Frameworks */ = {isa = PBXBuildFile; fileRef = C48DEE7C20030BEA00F80C44 /* libCmn.a */; };
		C48DEE7F20030C1600F80C44 /* lexFileToJSON.c in Sources */ = {isa = PBXBuildFile; fileRef = C48DEE7E20030C1600F80C44 /* lexFileToJSON.c */; };
/* End PBXBuildFile section */

/* Begin PBXCopyFilesBuildPhase section */
		C48DEE6F20030AE500F80C44 /* CopyFiles */ = {
			isa = PBXCopyFilesBuildPhase;
			buildActionMask = 2147483647;
			dstPath = /usr/share/man/man1/;
			dstSubfolderSpec = 0;
			files = (
			);
			runOnlyForDeploymentPostprocessing = 1;
		};
/* End PBXCopyFilesBuildPhase section */

/* Begin PBXFileReference section */
		C48DEE7120030AE500F80C44 /* lexFileToJSON */ = {isa = PBXFileReference; explicitFileType = "compiled.mach-o.executable"; includeInIndex = 0; path = lexFileToJSON; sourceTree = BUILT_PRODUCTS_DIR; };
		C48DEE7C20030BEA00F80C44 /* libCmn.a */ = {isa = PBXFileReference; lastKnownFileType = archive.ar; name = libCmn.a; path = ../../../Support/lib/macosx/libCmn/libCmn.a; sourceTree = "<group>"; };
		C48DEE7E20030C1600F80C44 /* lexFileToJSON.c */ = {isa = PBXFileReference; fileEncoding = 4; lastKnownFileType = sourcecode.c.c; path = lexFileToJSON.c; sourceTree = "<group>"; };
/* End PBXFileReference section */

/* Begin PBXFrameworksBuildPhase section */
		C48DEE6E20030AE500F80C44 /* Frameworks */ = {
			isa = PBXFrameworksBuildPhase;
			buildActionMask = 2147483647;
			files = (
				C48DEE7D20030BEA00F80C44 /* libCmn.a in Frameworks */,
			);
			runOnlyForDeploymentPostprocessing = 0;
		};
/* End PBXFrameworksBuildPhase section */

/* Begin PBXGroup section */
		C48DEE6820030AE500F80C44 = {
			isa = PBXGroup;
			children = (
				C48DEE7320030AE500F80C44 /* lexFileToJSON */,
				C48DEE7220030AE500F80C44 /* Products */,
				C48DEE7B20030BE900F80C44 /* Frameworks */,
			);
			sourceTree = "<group>";
		};
		C48DEE7220030AE500F80C44 /* Products */ = {
			isa = PBXGroup;
			children = (
				C48DEE7120030AE500F80C44 /* lexFileToJSON */,
			);
			name = Products;
			sourceTree = "<group>";
		};
		C48DEE7320030AE500F80C44 /* lexFileToJSON */ = {
			isa = PBXGroup;
			children = (
				C48DEE7E20030C1600F80C44 /* lexFileToJSON.c */,
			);
			name = lexFileToJSON;
			path = ../../programs/lexFileToJSON;
			sourceTree = SOURCE_ROOT;
		};
		C48DEE7B20030BE900F80C44 /* Frameworks */ = {
			isa = PBXGroup;
			children = (
				C48DEE7C20030BEA00F80C44 /* libCmn.a */,
			);
			name = Frameworks;
			sourceTree = "<group>";
		};
/* End PBXGroup section */

/* Begin PBXNativeTarget section */
		C48DEE7020030AE500F80C44 /* lexFileToJSON */ = {
			isa = PBXNativeTarget;
			buildConfigurationList = C48DEE7820030AE500F80C44 /* Build configuration list for PBXNativeTarget "lexFileToJSON" */;
			buildPhases = (
				C48DEE6D20030AE500F80C44 /* Sources */,
				C48DEE6E20030AE500F80C44 /* Frameworks */,
				C48DEE6F20030AE500F80C44 /* CopyFiles */,
			);
			buildRules = (
			);
			dependencies = (
			);
			name = lexFileToJSON;
			productName = lexFileToJSON;
			productReference = C48DEE7120030AE500F80C44 /* lexFileToJSON */;
			productType = "com.apple.product-type.tool";
		};
/* End PBXNativeTarget section */

/* Begin PBXProject section */
		C48DEE6920030AE500F80C44 /* Project object */ = {
			isa = PBXProject;
			attributes = {
				LastUpgradeCheck = 0920;
				ORGANIZATIONNAME = bob;
				TargetAttributes = {
					C48DEE7020030AE500F80C44 = {
						CreatedOnToolsVersion = 9.2;
						ProvisioningStyle = Automatic;
					};
				};
			};
			buildConfigurationList = C48DEE6C20030AE500F80C44 /* Build configuration list for PBXProject "lexFileToJSON" */;
			compatibilityVersion = "Xcode 8.0";
			developmentRegion = en;
			hasScannedForEncodings = 0;
			knownRegions = (
				en,
			);
			mainGroup = C48DEE6820030AE500F80C44;
			productRefGroup = C48DEE7220030AE500F80C44 /* Products */;
			projectDirPath = "";
			projectRoot = "";
			targets = (
				C48DEE7020030AE500F80C44 /* lexFileToJSON */,
			);
		};
/* End PBXProject section */

/* Begin PBXSourcesBuildPhase section */
		C48DEE6D20030AE500F80C44 /* Sources */ = {
			isa = PBXSourcesBuildPhase;
			buildActionMask = 2147483647;
			files = (
				C48DEE7F20030C1600F80C44 /* lexFileToJSON.c in Sources */,
			);
			runOnlyForDeploymentPostprocessing = 0;
		};
/* End PBXSourcesBuildPhase section */

/* Begin XCBuildConfiguration section */
		C48DEE7620030AE500F80C44 /* Debug */ = {
			isa = XCBuildConfiguration;
			buildSettings = {
				ALWAYS_SEARCH_USER_PATHS = NO;
				CLANG_ANALYZER_NONNULL = YES;
				CLANG_ANALYZER_NUMBER_OBJECT_CONVERSION = YES_AGGRESSIVE;
				CLANG_CXX_LANGUAGE_STANDARD = "gnu++14";
				CLANG_CXX_LIBRARY = "libc++";
				CLANG_ENABLE_MODULES = YES;
				CLANG_ENABLE_OBJC_ARC = YES;
				CLANG_WARN_BLOCK_CAPTURE_AUTORELEASING = YES;
				CLANG_WARN_BOOL_CONVERSION = YES;
				CLANG_WARN_COMMA = YES;
				CLANG_WARN_CONSTANT_CONVERSION = YES;
				CLANG_WARN_DIRECT_OBJC_ISA_USAGE = YES_ERROR;
				CLANG_WARN_DOCUMENTATION_COMMENTS = YES;
				CLANG_WARN_EMPTY_BODY = YES;
				CLANG_WARN_ENUM_CONVERSION = YES;
				CLANG_WARN_INFINITE_RECURSION = YES;
				CLANG_WARN_INT_CONVERSION = YES;
				CLANG_WARN_NON_LITERAL_NULL_CONVERSION = YES;
				CLANG_WARN_OBJC_LITERAL_CONVERSION = YES;
				CLANG_WARN_OBJC_ROOT_CLASS = YES_ERROR;
				CLANG_WARN_RANGE_LOOP_ANALYSIS = YES;
				CLANG_WARN_STRICT_PROTOTYPES = YES;
				CLANG_WARN_SUSPICIOUS_MOVE = YES;
				CLANG_WARN_UNGUARDED_AVAILABILITY = YES_AGGRESSIVE;
				CLANG_WARN_UNREACHABLE_CODE = YES;
				CLANG_WARN__DUPLICATE_METHOD_MATCH = YES;
				CODE_SIGN_IDENTITY = "-";
				COPY_PHASE_STRIP = NO;
				DEBUG_INFORMATION_FORMAT = dwarf;
				ENABLE_STRICT_OBJC_MSGSEND = YES;
				ENABLE_TESTABILITY = YES;
				GCC_C_LANGUAGE_STANDARD = gnu11;
				GCC_DYNAMIC_NO_PIC = NO;
				GCC_NO_COMMON_BLOCKS = YES;
				GCC_OPTIMIZATION_LEVEL = 0;
				GCC_PREPROCESSOR_DEFINITIONS = (
					"DEBUG=1",
					"$(inherited)",
				);
				GCC_WARN_64_TO_32_BIT_CONVERSION = YES;
				GCC_WARN_ABOUT_RETURN_TYPE = YES_ERROR;
				GCC_WARN_UNDECLARED_SELECTOR = YES;
				GCC_WARN_UNINITIALIZED_AUTOS = YES_AGGRESSIVE;
				GCC_WARN_UNUSED_FUNCTION = YES;
				GCC_WARN_UNUSED_VARIABLE = YES;
				MACOSX_DEPLOYMENT_TARGET = 10.13;
				MTL_ENABLE_DEBUG_INFO = YES;
				ONLY_ACTIVE_ARCH = YES;
				SDKROOT = macosx;
			};
			name = Debug;
		};
		C48DEE7720030AE500F80C44 /* Release */ = {
			isa = XCBuildConfiguration;
			buildSettings = {
				ALWAYS_SEARCH_USER_PATHS = NO;
				CLANG_ANALYZER_NONNULL = YES;
				CLANG_ANALYZER_NUMBER_OBJECT_CONVERSION = YES_AGGRESSIVE;
				CLANG_CXX_LANGUAGE_STANDARD = "gnu++14";
				CLANG_CXX_LIBRARY = "libc++";
				CLANG_ENABLE_MODULES = YES;
				CLANG_ENABLE_OBJC_ARC = YES;
				CLANG_WARN_BLOCK_CAPTURE_AUTORELEASING = YES;
				CLANG_WARN_BOOL_CONVERSION = YES;
				CLANG_WARN_COMMA = YES;
				CLANG_WARN_CONSTANT_CONVERSION = YES;
				CLANG_WARN_DIRECT_OBJC_ISA_USAGE = YES_ERROR;
				CLANG_WARN_DOCUMENTATION_COMMENTS = YES;
				CLANG_WARN_EMPTY_BODY = YES;
				CLANG_WARN_ENUM_CONVERSION = YES;
				CLANG_WARN_INFINITE_RECURSION = YES;
				CLANG_WARN_INT_CONVERSION = YES;
				CLANG_WARN_NON_LITERAL_NULL_CONVERSION = YES;
				CLANG_WARN_OBJC_LITERAL_CONVERSION = YES;
				CLANG_WARN_OBJC_ROOT_CLASS = YES_ERROR;
				CLANG_WARN_RANGE_LOOP_ANALYSIS = YES;
				CLANG_WARN_STRICT_PROTOTYPES = YES;
				CLANG_WARN_SUSPICIOUS_MOVE = YES;
				CLANG_WARN_UNGUARDED_AVAILABILITY = YES_AGGRESSIVE;
				CLANG_WARN_UNREACHABLE_CODE = YES;
				CLANG_WARN__DUPLICATE_METHOD_MATCH = YES;
				CODE_SIGN_IDENTITY = "-";
				COPY_PHASE_STRIP = NO;
				DEBUG_INFORMATION_FORMAT = "dwarf-with-dsym";
				ENABLE_NS_ASSERTIONS = NO;
				ENABLE_STRICT_OBJC_MSGSEND = YES;
				GCC_C_LANGUAGE_STANDARD = gnu11;
				GCC_NO_COMMON_BLOCKS = YES;
				GCC_WARN_64_TO_32_BIT_CONVERSION = YES;
				GCC_WARN_ABOUT_RETURN_TYPE = YES_ERROR;
				GCC_WARN_UNDECLARED_SELECTOR = YES;
				GCC_WARN_UNINITIALIZED_AUTOS = YES_AGGRESSIVE;
				GCC_WARN_UNUSED_FUNCTION = YES;
				GCC_WARN_UNUSED_VARIABLE = YES;
				MACOSX_DEPLOYMENT_TARGET = 10.13;
				MTL_ENABLE_DEBUG_INFO = NO;
				SDKROOT = macosx;
			};
			name = Release;
		};
		C48DEE7920030AE500F80C44 /* Debug */ = {
			isa = XCBuildConfiguration;
			buildSettings = {
				CODE_SIGN_STYLE = Automatic;
				GCC_PREPROCESSOR_DEFINITIONS = (
					"DEBUG=1",
					"$(inherited)",
					"__MACOSX_ENV__=1",
				);
				HEADER_SEARCH_PATHS = /Users/bob/Support/lib/macosx/libCmn/include;
				LIBRARY_SEARCH_PATHS = /Users/bob/Support/lib/macosx/libCmn;
				PRODUCT_NAME = "$(TARGET_NAME)";
			};
			name = Debug;
		};
		C48DEE7A20030AE500F80C44 /* Release */ = {
			isa = XCBuildConfiguration;
			buildSettings = {
				CODE_SIGN_STYLE = Automatic;
				GCC_PREPROCESSOR_DEFINITIONS = "__MACOSX_ENV__=1";
				HEADER_SEARCH_PATHS = /Users/bob/Support/lib/macosx/libCmn/include;
				LIBRARY_SEARCH_PATHS = /Users/bob/Support/lib/macosx/libCmn;
				PRODUCT_NAME = "$(TARGET_NAME)";
			};
			name = Release;
		};
/* End XCBuildConfiguration section */

/* Begin XCConfigurationList section */
		C48DEE6C20030AE500F80C44 /* Build configuration list for PBXProject "lexFileToJSON" */ = {
			isa = XCConfigurationList;
			buildConfigurations = (
				C48DEE7620030AE500F80C44 /* Debug */,
				C48DEE7720030AE500F80C44 /* Release */,
			);
			defaultConfigurationIsVisible = 0;
			defaultConfigurationName = Release;
		};
		C48DEE7820030AE500F80C44 /* Build configuration list for PBXNativeTarget "lexFileToJSON" */ = {
			isa = XCConfigurationList;
			buildConfigurations = (
				C48DEE7920030AE500F80C44 /* Debug */,
				C48DEE7A20030AE500F80C44 /* Release */,
			);
			defaultConfigurationIsVisible = 0;
			defaultConfigurationName = Release;
		};
/* End XCConfigurationList section */
	};
	rootObject = C48DEE6920030AE500F80C44 /* Project object */;
}
