// !$*UTF8*$!
{
	archiveVersion = 1;
	classes = {
	};
	objectVersion = 50;
	objects = {

/* Begin PBXBuildFile section */
		C42EB7CB21C86B0500455413 /* libCmn.a in Frameworks */ = {isa = PBXBuildFile; fileRef = C42EB7CA21C86B0500455413 /* libCmn.a */; };
		C45573D220CBEB90002F9BFE /* genBase.c in Sources */ = {isa = PBXBuildFile; fileRef = C45573CE20CBEB8F002F9BFE /* genBase.c */; };
		C45573D320CBEB90002F9BFE /* genBase_object.c in Sources */ = {isa = PBXBuildFile; fileRef = C45573CF20CBEB8F002F9BFE /* genBase_object.c */; };
		C4699554216E903E0088D22F /* dbprs_object.c in Sources */ = {isa = PBXBuildFile; fileRef = C4699550216E903D0088D22F /* dbprs_object.c */; };
		C4699555216E903E0088D22F /* dbprs.c in Sources */ = {isa = PBXBuildFile; fileRef = C4699551216E903D0088D22F /* dbprs.c */; };
		C47D8C1620878151005C8239 /* main_object.c in Sources */ = {isa = PBXBuildFile; fileRef = C47D8C0420878150005C8239 /* main_object.c */; };
		C47D8C1720878151005C8239 /* genWIN_object.c in Sources */ = {isa = PBXBuildFile; fileRef = C47D8C0520878150005C8239 /* genWIN_object.c */; };
		C47D8C1920878151005C8239 /* genOSX.c in Sources */ = {isa = PBXBuildFile; fileRef = C47D8C0920878150005C8239 /* genOSX.c */; };
		C47D8C1A20878151005C8239 /* genOSX_object.c in Sources */ = {isa = PBXBuildFile; fileRef = C47D8C0A20878150005C8239 /* genOSX_object.c */; };
		C47D8C1C20878151005C8239 /* main.c in Sources */ = {isa = PBXBuildFile; fileRef = C47D8C1120878150005C8239 /* main.c */; };
		C47D8C1D20878151005C8239 /* genWIN.c in Sources */ = {isa = PBXBuildFile; fileRef = C47D8C1220878150005C8239 /* genWIN.c */; };
		C47D8C1E20878151005C8239 /* mainProgram.c in Sources */ = {isa = PBXBuildFile; fileRef = C47D8C1520878151005C8239 /* mainProgram.c */; };
/* End PBXBuildFile section */

/* Begin PBXCopyFilesBuildPhase section */
		C47D8BF7208780F5005C8239 /* CopyFiles */ = {
			isa = PBXCopyFilesBuildPhase;
			buildActionMask = 2147483647;
			dstPath = /usr/share/man/man1/;
			dstSubfolderSpec = 0;
			files = (
			);
			runOnlyForDeploymentPostprocessing = 1;
		};
/* End PBXCopyFilesBuildPhase section */

/* Begin PBXFileReference section */
		C42EB7CA21C86B0500455413 /* libCmn.a */ = {isa = PBXFileReference; lastKnownFileType = archive.ar; name = libCmn.a; path = ../../../../../Support/lib/macosx/libCmn/libCmn.a; sourceTree = "<group>"; };
		C45573CE20CBEB8F002F9BFE /* genBase.c */ = {isa = PBXFileReference; fileEncoding = 4; lastKnownFileType = sourcecode.c.c; path = genBase.c; sourceTree = "<group>"; };
		C45573CF20CBEB8F002F9BFE /* genBase_object.c */ = {isa = PBXFileReference; fileEncoding = 4; lastKnownFileType = sourcecode.c.c; path = genBase_object.c; sourceTree = "<group>"; };
		C45573D020CBEB90002F9BFE /* genBase_internal.h */ = {isa = PBXFileReference; fileEncoding = 4; lastKnownFileType = sourcecode.c.h; path = genBase_internal.h; sourceTree = "<group>"; };
		C45573D120CBEB90002F9BFE /* genBase.h */ = {isa = PBXFileReference; fileEncoding = 4; lastKnownFileType = sourcecode.c.h; path = genBase.h; sourceTree = "<group>"; };
		C4699550216E903D0088D22F /* dbprs_object.c */ = {isa = PBXFileReference; fileEncoding = 4; lastKnownFileType = sourcecode.c.c; path = dbprs_object.c; sourceTree = "<group>"; };
		C4699551216E903D0088D22F /* dbprs.c */ = {isa = PBXFileReference; fileEncoding = 4; lastKnownFileType = sourcecode.c.c; path = dbprs.c; sourceTree = "<group>"; };
		C4699552216E903D0088D22F /* dbprs.h */ = {isa = PBXFileReference; fileEncoding = 4; lastKnownFileType = sourcecode.c.h; path = dbprs.h; sourceTree = "<group>"; };
		C4699553216E903E0088D22F /* dbprs_internal.h */ = {isa = PBXFileReference; fileEncoding = 4; lastKnownFileType = sourcecode.c.h; path = dbprs_internal.h; sourceTree = "<group>"; };
		C47D8BF9208780F5005C8239 /* genMake */ = {isa = PBXFileReference; explicitFileType = "compiled.mach-o.executable"; includeInIndex = 0; path = genMake; sourceTree = BUILT_PRODUCTS_DIR; };
		C47D8C0420878150005C8239 /* main_object.c */ = {isa = PBXFileReference; fileEncoding = 4; lastKnownFileType = sourcecode.c.c; path = main_object.c; sourceTree = "<group>"; };
		C47D8C0520878150005C8239 /* genWIN_object.c */ = {isa = PBXFileReference; fileEncoding = 4; lastKnownFileType = sourcecode.c.c; path = genWIN_object.c; sourceTree = "<group>"; };
		C47D8C0720878150005C8239 /* main.h */ = {isa = PBXFileReference; fileEncoding = 4; lastKnownFileType = sourcecode.c.h; path = main.h; sourceTree = "<group>"; };
		C47D8C0920878150005C8239 /* genOSX.c */ = {isa = PBXFileReference; fileEncoding = 4; lastKnownFileType = sourcecode.c.c; path = genOSX.c; sourceTree = "<group>"; };
		C47D8C0A20878150005C8239 /* genOSX_object.c */ = {isa = PBXFileReference; fileEncoding = 4; lastKnownFileType = sourcecode.c.c; path = genOSX_object.c; sourceTree = "<group>"; };
		C47D8C0C20878150005C8239 /* genWIN_internal.h */ = {isa = PBXFileReference; fileEncoding = 4; lastKnownFileType = sourcecode.c.h; path = genWIN_internal.h; sourceTree = "<group>"; };
		C47D8C0D20878150005C8239 /* genWIN.h */ = {isa = PBXFileReference; fileEncoding = 4; lastKnownFileType = sourcecode.c.h; path = genWIN.h; sourceTree = "<group>"; };
		C47D8C0E20878150005C8239 /* main_internal.h */ = {isa = PBXFileReference; fileEncoding = 4; lastKnownFileType = sourcecode.c.h; path = main_internal.h; sourceTree = "<group>"; };
		C47D8C0F20878150005C8239 /* genOSX_internal.h */ = {isa = PBXFileReference; fileEncoding = 4; lastKnownFileType = sourcecode.c.h; path = genOSX_internal.h; sourceTree = "<group>"; };
		C47D8C1120878150005C8239 /* main.c */ = {isa = PBXFileReference; fileEncoding = 4; lastKnownFileType = sourcecode.c.c; path = main.c; sourceTree = "<group>"; };
		C47D8C1220878150005C8239 /* genWIN.c */ = {isa = PBXFileReference; fileEncoding = 4; lastKnownFileType = sourcecode.c.c; path = genWIN.c; sourceTree = "<group>"; };
		C47D8C1320878151005C8239 /* genMake.h */ = {isa = PBXFileReference; fileEncoding = 4; lastKnownFileType = sourcecode.c.h; path = genMake.h; sourceTree = "<group>"; };
		C47D8C1420878151005C8239 /* genOSX.h */ = {isa = PBXFileReference; fileEncoding = 4; lastKnownFileType = sourcecode.c.h; path = genOSX.h; sourceTree = "<group>"; };
		C47D8C1520878151005C8239 /* mainProgram.c */ = {isa = PBXFileReference; fileEncoding = 4; lastKnownFileType = sourcecode.c.c; path = mainProgram.c; sourceTree = "<group>"; };
/* End PBXFileReference section */

/* Begin PBXFrameworksBuildPhase section */
		C47D8BF6208780F5005C8239 /* Frameworks */ = {
			isa = PBXFrameworksBuildPhase;
			buildActionMask = 2147483647;
			files = (
				C42EB7CB21C86B0500455413 /* libCmn.a in Frameworks */,
			);
			runOnlyForDeploymentPostprocessing = 0;
		};
/* End PBXFrameworksBuildPhase section */

/* Begin PBXGroup section */
		C42EB7C921C86B0400455413 /* Frameworks */ = {
			isa = PBXGroup;
			children = (
				C42EB7CA21C86B0500455413 /* libCmn.a */,
			);
			name = Frameworks;
			sourceTree = "<group>";
		};
		C47D8BF0208780F5005C8239 = {
			isa = PBXGroup;
			children = (
				C47D8C03208780FE005C8239 /* src */,
				C47D8BFB208780F5005C8239 /* genMake */,
				C47D8BFA208780F5005C8239 /* Products */,
				C42EB7C921C86B0400455413 /* Frameworks */,
			);
			sourceTree = "<group>";
		};
		C47D8BFA208780F5005C8239 /* Products */ = {
			isa = PBXGroup;
			children = (
				C47D8BF9208780F5005C8239 /* genMake */,
			);
			name = Products;
			sourceTree = "<group>";
		};
		C47D8BFB208780F5005C8239 /* genMake */ = {
			isa = PBXGroup;
			children = (
			);
			path = genMake;
			sourceTree = "<group>";
		};
		C47D8C03208780FE005C8239 /* src */ = {
			isa = PBXGroup;
			children = (
				C4699553216E903E0088D22F /* dbprs_internal.h */,
				C4699550216E903D0088D22F /* dbprs_object.c */,
				C4699551216E903D0088D22F /* dbprs.c */,
				C4699552216E903D0088D22F /* dbprs.h */,
				C47D8C1320878151005C8239 /* genMake.h */,
				C45573D020CBEB90002F9BFE /* genBase_internal.h */,
				C45573CF20CBEB8F002F9BFE /* genBase_object.c */,
				C45573CE20CBEB8F002F9BFE /* genBase.c */,
				C45573D120CBEB90002F9BFE /* genBase.h */,
				C47D8C0F20878150005C8239 /* genOSX_internal.h */,
				C47D8C0A20878150005C8239 /* genOSX_object.c */,
				C47D8C0920878150005C8239 /* genOSX.c */,
				C47D8C1420878151005C8239 /* genOSX.h */,
				C47D8C0C20878150005C8239 /* genWIN_internal.h */,
				C47D8C0520878150005C8239 /* genWIN_object.c */,
				C47D8C1220878150005C8239 /* genWIN.c */,
				C47D8C0D20878150005C8239 /* genWIN.h */,
				C47D8C0E20878150005C8239 /* main_internal.h */,
				C47D8C0420878150005C8239 /* main_object.c */,
				C47D8C1120878150005C8239 /* main.c */,
				C47D8C0720878150005C8239 /* main.h */,
				C47D8C1520878151005C8239 /* mainProgram.c */,
			);
			name = src;
			path = ../../src;
			sourceTree = SOURCE_ROOT;
		};
/* End PBXGroup section */

/* Begin PBXNativeTarget section */
		C47D8BF8208780F5005C8239 /* genMake */ = {
			isa = PBXNativeTarget;
			buildConfigurationList = C47D8C00208780F5005C8239 /* Build configuration list for PBXNativeTarget "genMake" */;
			buildPhases = (
				C47D8BF5208780F5005C8239 /* Sources */,
				C47D8BF6208780F5005C8239 /* Frameworks */,
				C47D8BF7208780F5005C8239 /* CopyFiles */,
			);
			buildRules = (
			);
			dependencies = (
			);
			name = genMake;
			productName = genMake;
			productReference = C47D8BF9208780F5005C8239 /* genMake */;
			productType = "com.apple.product-type.tool";
		};
/* End PBXNativeTarget section */

/* Begin PBXProject section */
		C47D8BF1208780F5005C8239 /* Project object */ = {
			isa = PBXProject;
			attributes = {
				LastUpgradeCheck = 0930;
				ORGANIZATIONNAME = bob;
				TargetAttributes = {
					C47D8BF8208780F5005C8239 = {
						CreatedOnToolsVersion = 9.3;
					};
				};
			};
			buildConfigurationList = C47D8BF4208780F5005C8239 /* Build configuration list for PBXProject "genMake" */;
			compatibilityVersion = "Xcode 9.3";
			developmentRegion = en;
			hasScannedForEncodings = 0;
			knownRegions = (
				en,
			);
			mainGroup = C47D8BF0208780F5005C8239;
			productRefGroup = C47D8BFA208780F5005C8239 /* Products */;
			projectDirPath = "";
			projectRoot = "";
			targets = (
				C47D8BF8208780F5005C8239 /* genMake */,
			);
		};
/* End PBXProject section */

/* Begin PBXSourcesBuildPhase section */
		C47D8BF5208780F5005C8239 /* Sources */ = {
			isa = PBXSourcesBuildPhase;
			buildActionMask = 2147483647;
			files = (
				C47D8C1720878151005C8239 /* genWIN_object.c in Sources */,
				C45573D220CBEB90002F9BFE /* genBase.c in Sources */,
				C47D8C1920878151005C8239 /* genOSX.c in Sources */,
				C47D8C1D20878151005C8239 /* genWIN.c in Sources */,
				C47D8C1E20878151005C8239 /* mainProgram.c in Sources */,
				C47D8C1C20878151005C8239 /* main.c in Sources */,
				C45573D320CBEB90002F9BFE /* genBase_object.c in Sources */,
				C4699554216E903E0088D22F /* dbprs_object.c in Sources */,
				C47D8C1A20878151005C8239 /* genOSX_object.c in Sources */,
				C47D8C1620878151005C8239 /* main_object.c in Sources */,
				C4699555216E903E0088D22F /* dbprs.c in Sources */,
			);
			runOnlyForDeploymentPostprocessing = 0;
		};
/* End PBXSourcesBuildPhase section */

/* Begin XCBuildConfiguration section */
		C47D8BFE208780F5005C8239 /* Debug */ = {
			isa = XCBuildConfiguration;
			buildSettings = {
				ALWAYS_SEARCH_USER_PATHS = NO;
				CLANG_ANALYZER_NONNULL = YES;
				CLANG_ANALYZER_NUMBER_OBJECT_CONVERSION = YES_AGGRESSIVE;
				CLANG_CXX_LANGUAGE_STANDARD = "gnu++14";
				CLANG_CXX_LIBRARY = "libc++";
				CLANG_ENABLE_MODULES = YES;
				CLANG_ENABLE_OBJC_ARC = YES;
				CLANG_ENABLE_OBJC_WEAK = YES;
				CLANG_WARN_BLOCK_CAPTURE_AUTORELEASING = YES;
				CLANG_WARN_BOOL_CONVERSION = YES;
				CLANG_WARN_COMMA = YES;
				CLANG_WARN_CONSTANT_CONVERSION = YES;
				CLANG_WARN_DEPRECATED_OBJC_IMPLEMENTATIONS = YES;
				CLANG_WARN_DIRECT_OBJC_ISA_USAGE = YES_ERROR;
				CLANG_WARN_DOCUMENTATION_COMMENTS = YES;
				CLANG_WARN_EMPTY_BODY = YES;
				CLANG_WARN_ENUM_CONVERSION = YES;
				CLANG_WARN_INFINITE_RECURSION = YES;
				CLANG_WARN_INT_CONVERSION = YES;
				CLANG_WARN_NON_LITERAL_NULL_CONVERSION = YES;
				CLANG_WARN_OBJC_IMPLICIT_RETAIN_SELF = YES;
				CLANG_WARN_OBJC_LITERAL_CONVERSION = YES;
				CLANG_WARN_OBJC_ROOT_CLASS = YES_ERROR;
				CLANG_WARN_RANGE_LOOP_ANALYSIS = YES;
				CLANG_WARN_STRICT_PROTOTYPES = YES;
				CLANG_WARN_SUSPICIOUS_MOVE = YES;
				CLANG_WARN_UNGUARDED_AVAILABILITY = YES_AGGRESSIVE;
				CLANG_WARN_UNREACHABLE_CODE = YES;
				CLANG_WARN__DUPLICATE_METHOD_MATCH = YES;
				CODE_SIGN_IDENTITY = "-";
				COPY_PHASE_STRIP = NO;
				DEBUG_INFORMATION_FORMAT = dwarf;
				ENABLE_STRICT_OBJC_MSGSEND = YES;
				ENABLE_TESTABILITY = YES;
				GCC_C_LANGUAGE_STANDARD = gnu11;
				GCC_DYNAMIC_NO_PIC = NO;
				GCC_NO_COMMON_BLOCKS = YES;
				GCC_OPTIMIZATION_LEVEL = 0;
				GCC_PREPROCESSOR_DEFINITIONS = (
					"DEBUG=1",
					"$(inherited)",
				);
				GCC_WARN_64_TO_32_BIT_CONVERSION = YES;
				GCC_WARN_ABOUT_RETURN_TYPE = YES_ERROR;
				GCC_WARN_UNDECLARED_SELECTOR = YES;
				GCC_WARN_UNINITIALIZED_AUTOS = YES_AGGRESSIVE;
				GCC_WARN_UNUSED_FUNCTION = YES;
				GCC_WARN_UNUSED_VARIABLE = YES;
				MACOSX_DEPLOYMENT_TARGET = 10.13;
				MTL_ENABLE_DEBUG_INFO = YES;
				ONLY_ACTIVE_ARCH = YES;
				SDKROOT = macosx;
			};
			name = Debug;
		};
		C47D8BFF208780F5005C8239 /* Release */ = {
			isa = XCBuildConfiguration;
			buildSettings = {
				ALWAYS_SEARCH_USER_PATHS = NO;
				CLANG_ANALYZER_NONNULL = YES;
				CLANG_ANALYZER_NUMBER_OBJECT_CONVERSION = YES_AGGRESSIVE;
				CLANG_CXX_LANGUAGE_STANDARD = "gnu++14";
				CLANG_CXX_LIBRARY = "libc++";
				CLANG_ENABLE_MODULES = YES;
				CLANG_ENABLE_OBJC_ARC = YES;
				CLANG_ENABLE_OBJC_WEAK = YES;
				CLANG_WARN_BLOCK_CAPTURE_AUTORELEASING = YES;
				CLANG_WARN_BOOL_CONVERSION = YES;
				CLANG_WARN_COMMA = YES;
				CLANG_WARN_CONSTANT_CONVERSION = YES;
				CLANG_WARN_DEPRECATED_OBJC_IMPLEMENTATIONS = YES;
				CLANG_WARN_DIRECT_OBJC_ISA_USAGE = YES_ERROR;
				CLANG_WARN_DOCUMENTATION_COMMENTS = YES;
				CLANG_WARN_EMPTY_BODY = YES;
				CLANG_WARN_ENUM_CONVERSION = YES;
				CLANG_WARN_INFINITE_RECURSION = YES;
				CLANG_WARN_INT_CONVERSION = YES;
				CLANG_WARN_NON_LITERAL_NULL_CONVERSION = YES;
				CLANG_WARN_OBJC_IMPLICIT_RETAIN_SELF = YES;
				CLANG_WARN_OBJC_LITERAL_CONVERSION = YES;
				CLANG_WARN_OBJC_ROOT_CLASS = YES_ERROR;
				CLANG_WARN_RANGE_LOOP_ANALYSIS = YES;
				CLANG_WARN_STRICT_PROTOTYPES = YES;
				CLANG_WARN_SUSPICIOUS_MOVE = YES;
				CLANG_WARN_UNGUARDED_AVAILABILITY = YES_AGGRESSIVE;
				CLANG_WARN_UNREACHABLE_CODE = YES;
				CLANG_WARN__DUPLICATE_METHOD_MATCH = YES;
				CODE_SIGN_IDENTITY = "-";
				COPY_PHASE_STRIP = NO;
				DEBUG_INFORMATION_FORMAT = "dwarf-with-dsym";
				ENABLE_NS_ASSERTIONS = NO;
				ENABLE_STRICT_OBJC_MSGSEND = YES;
				GCC_C_LANGUAGE_STANDARD = gnu11;
				GCC_NO_COMMON_BLOCKS = YES;
				GCC_WARN_64_TO_32_BIT_CONVERSION = YES;
				GCC_WARN_ABOUT_RETURN_TYPE = YES_ERROR;
				GCC_WARN_UNDECLARED_SELECTOR = YES;
				GCC_WARN_UNINITIALIZED_AUTOS = YES_AGGRESSIVE;
				GCC_WARN_UNUSED_FUNCTION = YES;
				GCC_WARN_UNUSED_VARIABLE = YES;
				MACOSX_DEPLOYMENT_TARGET = 10.13;
				MTL_ENABLE_DEBUG_INFO = NO;
				SDKROOT = macosx;
			};
			name = Release;
		};
		C47D8C01208780F5005C8239 /* Debug */ = {
			isa = XCBuildConfiguration;
			buildSettings = {
				CODE_SIGN_STYLE = Automatic;
				GCC_PREPROCESSOR_DEFINITIONS = (
					"__MACOSX_ENV__=1",
					"DEBUG=1",
					"$(inherited)",
				);
				HEADER_SEARCH_PATHS = (
					"$(PROJECT_DIR)/../../src",
					"$(PROJECT_DIR)/../../../../src",
					"$(HOME)/Support/lib/macosx/libCmn/include",
				);
				LIBRARY_SEARCH_PATHS = "$(HOME)/Support/lib/macosx/libCmn/";
				PRODUCT_NAME = "$(TARGET_NAME)";
			};
			name = Debug;
		};
		C47D8C02208780F5005C8239 /* Release */ = {
			isa = XCBuildConfiguration;
			buildSettings = {
				CODE_SIGN_STYLE = Automatic;
				GCC_PREPROCESSOR_DEFINITIONS = "__MACOSX_ENV__=1";
				HEADER_SEARCH_PATHS = (
					"$(PROJECT_DIR)/../../src",
					"$(PROJECT_DIR)/../../../../src",
					"$(HOME)/Support/lib/macosx/libCmn/include",
				);
				LIBRARY_SEARCH_PATHS = "$(HOME)/Support/lib/macosx/libCmn/";
				PRODUCT_NAME = "$(TARGET_NAME)";
			};
			name = Release;
		};
/* End XCBuildConfiguration section */

/* Begin XCConfigurationList section */
		C47D8BF4208780F5005C8239 /* Build configuration list for PBXProject "genMake" */ = {
			isa = XCConfigurationList;
			buildConfigurations = (
				C47D8BFE208780F5005C8239 /* Debug */,
				C47D8BFF208780F5005C8239 /* Release */,
			);
			defaultConfigurationIsVisible = 0;
			defaultConfigurationName = Release;
		};
		C47D8C00208780F5005C8239 /* Build configuration list for PBXNativeTarget "genMake" */ = {
			isa = XCConfigurationList;
			buildConfigurations = (
				C47D8C01208780F5005C8239 /* Debug */,
				C47D8C02208780F5005C8239 /* Release */,
			);
			defaultConfigurationIsVisible = 0;
			defaultConfigurationName = Release;
		};
/* End XCConfigurationList section */
	};
	rootObject = C47D8BF1208780F5005C8239 /* Project object */;
}
