// !$*UTF8*$!
{
	archiveVersion = 1;
	classes = {
	};
	objectVersion = 50;
	objects = {

/* Begin PBXBuildFile section */
		C459806721B1DF1C001B8375 /* libCmn.a in Frameworks */ = {isa = PBXBuildFile; fileRef = C459806621B1DF1C001B8375 /* libCmn.a */; };
		C47CB62623ABB938005C90C1 /* Dict.c in Sources */ = {isa = PBXBuildFile; fileRef = C47CB62223ABB937005C90C1 /* Dict.c */; };
		C47CB62723ABB938005C90C1 /* Dict_object.c in Sources */ = {isa = PBXBuildFile; fileRef = C47CB62323ABB937005C90C1 /* Dict_object.c */; };
		C47CB62C23ABB950005C90C1 /* Main.c in Sources */ = {isa = PBXBuildFile; fileRef = C47CB62A23ABB94F005C90C1 /* Main.c */; };
		C47CB62D23ABB950005C90C1 /* Main_object.c in Sources */ = {isa = PBXBuildFile; fileRef = C47CB62B23ABB94F005C90C1 /* Main_object.c */; };
		C4EF2A4E2456364A0074544A /* NodeProp.c in Sources */ = {isa = PBXBuildFile; fileRef = C4EF2A44245636470074544A /* NodeProp.c */; };
		C4EF2A4F2456364A0074544A /* NodeClass.c in Sources */ = {isa = PBXBuildFile; fileRef = C4EF2A46245636470074544A /* NodeClass.c */; };
		C4EF2A502456364A0074544A /* NodeClass_object.c in Sources */ = {isa = PBXBuildFile; fileRef = C4EF2A48245636480074544A /* NodeClass_object.c */; };
		C4EF2A512456364A0074544A /* NodeClass_json.c in Sources */ = {isa = PBXBuildFile; fileRef = C4EF2A49245636480074544A /* NodeClass_json.c */; };
		C4EF2A522456364A0074544A /* NodeProp_object.c in Sources */ = {isa = PBXBuildFile; fileRef = C4EF2A4A245636490074544A /* NodeProp_object.c */; };
		C4EF2A532456364A0074544A /* NodeProp_json.c in Sources */ = {isa = PBXBuildFile; fileRef = C4EF2A4B245636490074544A /* NodeProp_json.c */; };
		C4EF2A55245653E70074544A /* NodeProp_test.c in Sources */ = {isa = PBXBuildFile; fileRef = C4EF2A54245653E70074544A /* NodeProp_test.c */; };
		C4EF2A60245A7FBA0074544A /* SrcParse.c in Sources */ = {isa = PBXBuildFile; fileRef = C4EF2A5C245A7FB80074544A /* SrcParse.c */; };
		C4EF2A61245A7FBA0074544A /* SrcParse_object.c in Sources */ = {isa = PBXBuildFile; fileRef = C4EF2A5D245A7FB80074544A /* SrcParse_object.c */; };
/* End PBXBuildFile section */

/* Begin PBXCopyFilesBuildPhase section */
		C459805621B1DE0F001B8375 /* CopyFiles */ = {
			isa = PBXCopyFilesBuildPhase;
			buildActionMask = 2147483647;
			dstPath = /usr/share/man/man1/;
			dstSubfolderSpec = 0;
			files = (
			);
			runOnlyForDeploymentPostprocessing = 1;
		};
/* End PBXCopyFilesBuildPhase section */

/* Begin PBXFileReference section */
		C459805821B1DE0F001B8375 /* test_genObject */ = {isa = PBXFileReference; explicitFileType = "compiled.mach-o.executable"; includeInIndex = 0; path = test_genObject; sourceTree = BUILT_PRODUCTS_DIR; };
		C459806621B1DF1C001B8375 /* libCmn.a */ = {isa = PBXFileReference; lastKnownFileType = archive.ar; name = libCmn.a; path = ../../../../../Support/lib/macosx/libCmn/libCmn.a; sourceTree = "<group>"; };
		C459808821B1EABC001B8375 /* genObject_defs.h */ = {isa = PBXFileReference; fileEncoding = 4; lastKnownFileType = sourcecode.c.h; path = genObject_defs.h; sourceTree = "<group>"; };
		C47CB62223ABB937005C90C1 /* Dict.c */ = {isa = PBXFileReference; fileEncoding = 4; lastKnownFileType = sourcecode.c.c; path = Dict.c; sourceTree = "<group>"; };
		C47CB62323ABB937005C90C1 /* Dict_object.c */ = {isa = PBXFileReference; fileEncoding = 4; lastKnownFileType = sourcecode.c.c; path = Dict_object.c; sourceTree = "<group>"; };
		C47CB62423ABB937005C90C1 /* Dict_internal.h */ = {isa = PBXFileReference; fileEncoding = 4; lastKnownFileType = sourcecode.c.h; path = Dict_internal.h; sourceTree = "<group>"; };
		C47CB62523ABB938005C90C1 /* Dict.h */ = {isa = PBXFileReference; fileEncoding = 4; lastKnownFileType = sourcecode.c.h; path = Dict.h; sourceTree = "<group>"; };
		C47CB62823ABB94E005C90C1 /* Main.h */ = {isa = PBXFileReference; fileEncoding = 4; lastKnownFileType = sourcecode.c.h; path = Main.h; sourceTree = "<group>"; };
		C47CB62923ABB94F005C90C1 /* Main_internal.h */ = {isa = PBXFileReference; fileEncoding = 4; lastKnownFileType = sourcecode.c.h; path = Main_internal.h; sourceTree = "<group>"; };
		C47CB62A23ABB94F005C90C1 /* Main.c */ = {isa = PBXFileReference; fileEncoding = 4; lastKnownFileType = sourcecode.c.c; path = Main.c; sourceTree = "<group>"; };
		C47CB62B23ABB94F005C90C1 /* Main_object.c */ = {isa = PBXFileReference; fileEncoding = 4; lastKnownFileType = sourcecode.c.c; path = Main_object.c; sourceTree = "<group>"; };
		C4EF2A44245636470074544A /* NodeProp.c */ = {isa = PBXFileReference; fileEncoding = 4; lastKnownFileType = sourcecode.c.c; path = NodeProp.c; sourceTree = "<group>"; };
		C4EF2A45245636470074544A /* NodeClass.h */ = {isa = PBXFileReference; fileEncoding = 4; lastKnownFileType = sourcecode.c.h; path = NodeClass.h; sourceTree = "<group>"; };
		C4EF2A46245636470074544A /* NodeClass.c */ = {isa = PBXFileReference; fileEncoding = 4; lastKnownFileType = sourcecode.c.c; path = NodeClass.c; sourceTree = "<group>"; };
		C4EF2A47245636480074544A /* NodeProp.h */ = {isa = PBXFileReference; fileEncoding = 4; lastKnownFileType = sourcecode.c.h; path = NodeProp.h; sourceTree = "<group>"; };
		C4EF2A48245636480074544A /* NodeClass_object.c */ = {isa = PBXFileReference; fileEncoding = 4; lastKnownFileType = sourcecode.c.c; path = NodeClass_object.c; sourceTree = "<group>"; };
		C4EF2A49245636480074544A /* NodeClass_json.c */ = {isa = PBXFileReference; fileEncoding = 4; lastKnownFileType = sourcecode.c.c; path = NodeClass_json.c; sourceTree = "<group>"; };
		C4EF2A4A245636490074544A /* NodeProp_object.c */ = {isa = PBXFileReference; fileEncoding = 4; lastKnownFileType = sourcecode.c.c; path = NodeProp_object.c; sourceTree = "<group>"; };
		C4EF2A4B245636490074544A /* NodeProp_json.c */ = {isa = PBXFileReference; fileEncoding = 4; lastKnownFileType = sourcecode.c.c; path = NodeProp_json.c; sourceTree = "<group>"; };
		C4EF2A4C245636490074544A /* NodeClass_internal.h */ = {isa = PBXFileReference; fileEncoding = 4; lastKnownFileType = sourcecode.c.h; path = NodeClass_internal.h; sourceTree = "<group>"; };
		C4EF2A4D2456364A0074544A /* NodeProp_internal.h */ = {isa = PBXFileReference; fileEncoding = 4; lastKnownFileType = sourcecode.c.h; path = NodeProp_internal.h; sourceTree = "<group>"; };
		C4EF2A54245653E70074544A /* NodeProp_test.c */ = {isa = PBXFileReference; fileEncoding = 4; lastKnownFileType = sourcecode.c.c; path = NodeProp_test.c; sourceTree = "<group>"; };
		C4EF2A5C245A7FB80074544A /* SrcParse.c */ = {isa = PBXFileReference; fileEncoding = 4; lastKnownFileType = sourcecode.c.c; path = SrcParse.c; sourceTree = "<group>"; };
		C4EF2A5D245A7FB80074544A /* SrcParse_object.c */ = {isa = PBXFileReference; fileEncoding = 4; lastKnownFileType = sourcecode.c.c; path = SrcParse_object.c; sourceTree = "<group>"; };
		C4EF2A5E245A7FB90074544A /* SrcParse_internal.h */ = {isa = PBXFileReference; fileEncoding = 4; lastKnownFileType = sourcecode.c.h; path = SrcParse_internal.h; sourceTree = "<group>"; };
		C4EF2A5F245A7FB90074544A /* SrcParse.h */ = {isa = PBXFileReference; fileEncoding = 4; lastKnownFileType = sourcecode.c.h; path = SrcParse.h; sourceTree = "<group>"; };
/* End PBXFileReference section */

/* Begin PBXFrameworksBuildPhase section */
		C459805521B1DE0F001B8375 /* Frameworks */ = {
			isa = PBXFrameworksBuildPhase;
			buildActionMask = 2147483647;
			files = (
				C459806721B1DF1C001B8375 /* libCmn.a in Frameworks */,
			);
			runOnlyForDeploymentPostprocessing = 0;
		};
/* End PBXFrameworksBuildPhase section */

/* Begin PBXGroup section */
		C459804F21B1DE0F001B8375 = {
			isa = PBXGroup;
			children = (
				C459806221B1DE23001B8375 /* src */,
				C459805A21B1DE0F001B8375 /* test_genObject */,
				C459805921B1DE0F001B8375 /* Products */,
				C459806521B1DF1C001B8375 /* Frameworks */,
			);
			sourceTree = "<group>";
		};
		C459805921B1DE0F001B8375 /* Products */ = {
			isa = PBXGroup;
			children = (
				C459805821B1DE0F001B8375 /* test_genObject */,
			);
			name = Products;
			sourceTree = "<group>";
		};
		C459805A21B1DE0F001B8375 /* test_genObject */ = {
			isa = PBXGroup;
			children = (
				C4EF2A54245653E70074544A /* NodeProp_test.c */,
			);
			name = test_genObject;
			path = ../../tests;
			sourceTree = SOURCE_ROOT;
		};
		C459806221B1DE23001B8375 /* src */ = {
			isa = PBXGroup;
			children = (
				C459808821B1EABC001B8375 /* genObject_defs.h */,
				C47CB62423ABB937005C90C1 /* Dict_internal.h */,
				C47CB62323ABB937005C90C1 /* Dict_object.c */,
				C47CB62223ABB937005C90C1 /* Dict.c */,
				C47CB62523ABB938005C90C1 /* Dict.h */,
				C47CB62923ABB94F005C90C1 /* Main_internal.h */,
				C47CB62B23ABB94F005C90C1 /* Main_object.c */,
				C47CB62A23ABB94F005C90C1 /* Main.c */,
				C47CB62823ABB94E005C90C1 /* Main.h */,
				C4EF2A4C245636490074544A /* NodeClass_internal.h */,
				C4EF2A49245636480074544A /* NodeClass_json.c */,
				C4EF2A48245636480074544A /* NodeClass_object.c */,
				C4EF2A46245636470074544A /* NodeClass.c */,
				C4EF2A45245636470074544A /* NodeClass.h */,
				C4EF2A4D2456364A0074544A /* NodeProp_internal.h */,
				C4EF2A4B245636490074544A /* NodeProp_json.c */,
				C4EF2A4A245636490074544A /* NodeProp_object.c */,
				C4EF2A44245636470074544A /* NodeProp.c */,
				C4EF2A47245636480074544A /* NodeProp.h */,
				C4EF2A5E245A7FB90074544A /* SrcParse_internal.h */,
				C4EF2A5D245A7FB80074544A /* SrcParse_object.c */,
				C4EF2A5C245A7FB80074544A /* SrcParse.c */,
				C4EF2A5F245A7FB90074544A /* SrcParse.h */,
			);
			name = src;
			path = ../../src;
			sourceTree = SOURCE_ROOT;
		};
		C459806521B1DF1C001B8375 /* Frameworks */ = {
			isa = PBXGroup;
			children = (
				C459806621B1DF1C001B8375 /* libCmn.a */,
			);
			name = Frameworks;
			sourceTree = "<group>";
		};
/* End PBXGroup section */

/* Begin PBXNativeTarget section */
		C459805721B1DE0F001B8375 /* test_genObject */ = {
			isa = PBXNativeTarget;
			buildConfigurationList = C459805F21B1DE0F001B8375 /* Build configuration list for PBXNativeTarget "test_genObject" */;
			buildPhases = (
				C459805421B1DE0F001B8375 /* Sources */,
				C459805521B1DE0F001B8375 /* Frameworks */,
				C459805621B1DE0F001B8375 /* CopyFiles */,
			);
			buildRules = (
			);
			dependencies = (
			);
			name = test_genObject;
			productName = test_genObject;
			productReference = C459805821B1DE0F001B8375 /* test_genObject */;
			productType = "com.apple.product-type.tool";
		};
/* End PBXNativeTarget section */

/* Begin PBXProject section */
		C459805021B1DE0F001B8375 /* Project object */ = {
			isa = PBXProject;
			attributes = {
				LastUpgradeCheck = 1010;
				ORGANIZATIONNAME = bob;
				TargetAttributes = {
					C459805721B1DE0F001B8375 = {
						CreatedOnToolsVersion = 10.1;
					};
				};
			};
			buildConfigurationList = C459805321B1DE0F001B8375 /* Build configuration list for PBXProject "test_genObject" */;
			compatibilityVersion = "Xcode 9.3";
			developmentRegion = en;
			hasScannedForEncodings = 0;
			knownRegions = (
				en,
			);
			mainGroup = C459804F21B1DE0F001B8375;
			productRefGroup = C459805921B1DE0F001B8375 /* Products */;
			projectDirPath = "";
			projectRoot = "";
			targets = (
				C459805721B1DE0F001B8375 /* test_genObject */,
			);
		};
/* End PBXProject section */

/* Begin PBXSourcesBuildPhase section */
		C459805421B1DE0F001B8375 /* Sources */ = {
			isa = PBXSourcesBuildPhase;
			buildActionMask = 2147483647;
			files = (
				C4EF2A4F2456364A0074544A /* NodeClass.c in Sources */,
				C47CB62D23ABB950005C90C1 /* Main_object.c in Sources */,
				C47CB62723ABB938005C90C1 /* Dict_object.c in Sources */,
				C4EF2A4E2456364A0074544A /* NodeProp.c in Sources */,
				C4EF2A512456364A0074544A /* NodeClass_json.c in Sources */,
				C4EF2A502456364A0074544A /* NodeClass_object.c in Sources */,
				C4EF2A60245A7FBA0074544A /* SrcParse.c in Sources */,
				C4EF2A522456364A0074544A /* NodeProp_object.c in Sources */,
				C4EF2A532456364A0074544A /* NodeProp_json.c in Sources */,
				C4EF2A55245653E70074544A /* NodeProp_test.c in Sources */,
				C47CB62623ABB938005C90C1 /* Dict.c in Sources */,
				C4EF2A61245A7FBA0074544A /* SrcParse_object.c in Sources */,
				C47CB62C23ABB950005C90C1 /* Main.c in Sources */,
			);
			runOnlyForDeploymentPostprocessing = 0;
		};
/* End PBXSourcesBuildPhase section */

/* Begin XCBuildConfiguration section */
		C459805D21B1DE0F001B8375 /* Debug */ = {
			isa = XCBuildConfiguration;
			buildSettings = {
				ALWAYS_SEARCH_USER_PATHS = NO;
				CLANG_ANALYZER_NONNULL = YES;
				CLANG_ANALYZER_NUMBER_OBJECT_CONVERSION = YES_AGGRESSIVE;
				CLANG_CXX_LANGUAGE_STANDARD = "gnu++14";
				CLANG_CXX_LIBRARY = "libc++";
				CLANG_ENABLE_MODULES = YES;
				CLANG_ENABLE_OBJC_ARC = YES;
				CLANG_ENABLE_OBJC_WEAK = YES;
				CLANG_WARN_BLOCK_CAPTURE_AUTORELEASING = YES;
				CLANG_WARN_BOOL_CONVERSION = YES;
				CLANG_WARN_COMMA = YES;
				CLANG_WARN_CONSTANT_CONVERSION = YES;
				CLANG_WARN_DEPRECATED_OBJC_IMPLEMENTATIONS = YES;
				CLANG_WARN_DIRECT_OBJC_ISA_USAGE = YES_ERROR;
				CLANG_WARN_DOCUMENTATION_COMMENTS = YES;
				CLANG_WARN_EMPTY_BODY = YES;
				CLANG_WARN_ENUM_CONVERSION = YES;
				CLANG_WARN_INFINITE_RECURSION = YES;
				CLANG_WARN_INT_CONVERSION = YES;
				CLANG_WARN_NON_LITERAL_NULL_CONVERSION = YES;
				CLANG_WARN_OBJC_IMPLICIT_RETAIN_SELF = YES;
				CLANG_WARN_OBJC_LITERAL_CONVERSION = YES;
				CLANG_WARN_OBJC_ROOT_CLASS = YES_ERROR;
				CLANG_WARN_RANGE_LOOP_ANALYSIS = YES;
				CLANG_WARN_STRICT_PROTOTYPES = YES;
				CLANG_WARN_SUSPICIOUS_MOVE = YES;
				CLANG_WARN_UNGUARDED_AVAILABILITY = YES_AGGRESSIVE;
				CLANG_WARN_UNREACHABLE_CODE = YES;
				CLANG_WARN__DUPLICATE_METHOD_MATCH = YES;
				CODE_SIGN_IDENTITY = "-";
				COPY_PHASE_STRIP = NO;
				DEBUG_INFORMATION_FORMAT = dwarf;
				ENABLE_STRICT_OBJC_MSGSEND = YES;
				ENABLE_TESTABILITY = YES;
				GCC_C_LANGUAGE_STANDARD = gnu11;
				GCC_DYNAMIC_NO_PIC = NO;
				GCC_NO_COMMON_BLOCKS = YES;
				GCC_OPTIMIZATION_LEVEL = 0;
				GCC_PREPROCESSOR_DEFINITIONS = (
					"DEBUG=1",
					"$(inherited)",
				);
				GCC_WARN_64_TO_32_BIT_CONVERSION = YES;
				GCC_WARN_ABOUT_RETURN_TYPE = YES_ERROR;
				GCC_WARN_UNDECLARED_SELECTOR = YES;
				GCC_WARN_UNINITIALIZED_AUTOS = YES_AGGRESSIVE;
				GCC_WARN_UNUSED_FUNCTION = YES;
				GCC_WARN_UNUSED_VARIABLE = YES;
				MACOSX_DEPLOYMENT_TARGET = 10.13;
				MTL_ENABLE_DEBUG_INFO = INCLUDE_SOURCE;
				MTL_FAST_MATH = YES;
				ONLY_ACTIVE_ARCH = YES;
				SDKROOT = macosx;
			};
			name = Debug;
		};
		C459805E21B1DE0F001B8375 /* Release */ = {
			isa = XCBuildConfiguration;
			buildSettings = {
				ALWAYS_SEARCH_USER_PATHS = NO;
				CLANG_ANALYZER_NONNULL = YES;
				CLANG_ANALYZER_NUMBER_OBJECT_CONVERSION = YES_AGGRESSIVE;
				CLANG_CXX_LANGUAGE_STANDARD = "gnu++14";
				CLANG_CXX_LIBRARY = "libc++";
				CLANG_ENABLE_MODULES = YES;
				CLANG_ENABLE_OBJC_ARC = YES;
				CLANG_ENABLE_OBJC_WEAK = YES;
				CLANG_WARN_BLOCK_CAPTURE_AUTORELEASING = YES;
				CLANG_WARN_BOOL_CONVERSION = YES;
				CLANG_WARN_COMMA = YES;
				CLANG_WARN_CONSTANT_CONVERSION = YES;
				CLANG_WARN_DEPRECATED_OBJC_IMPLEMENTATIONS = YES;
				CLANG_WARN_DIRECT_OBJC_ISA_USAGE = YES_ERROR;
				CLANG_WARN_DOCUMENTATION_COMMENTS = YES;
				CLANG_WARN_EMPTY_BODY = YES;
				CLANG_WARN_ENUM_CONVERSION = YES;
				CLANG_WARN_INFINITE_RECURSION = YES;
				CLANG_WARN_INT_CONVERSION = YES;
				CLANG_WARN_NON_LITERAL_NULL_CONVERSION = YES;
				CLANG_WARN_OBJC_IMPLICIT_RETAIN_SELF = YES;
				CLANG_WARN_OBJC_LITERAL_CONVERSION = YES;
				CLANG_WARN_OBJC_ROOT_CLASS = YES_ERROR;
				CLANG_WARN_RANGE_LOOP_ANALYSIS = YES;
				CLANG_WARN_STRICT_PROTOTYPES = YES;
				CLANG_WARN_SUSPICIOUS_MOVE = YES;
				CLANG_WARN_UNGUARDED_AVAILABILITY = YES_AGGRESSIVE;
				CLANG_WARN_UNREACHABLE_CODE = YES;
				CLANG_WARN__DUPLICATE_METHOD_MATCH = YES;
				CODE_SIGN_IDENTITY = "-";
				COPY_PHASE_STRIP = NO;
				DEBUG_INFORMATION_FORMAT = "dwarf-with-dsym";
				ENABLE_NS_ASSERTIONS = NO;
				ENABLE_STRICT_OBJC_MSGSEND = YES;
				GCC_C_LANGUAGE_STANDARD = gnu11;
				GCC_NO_COMMON_BLOCKS = YES;
				GCC_WARN_64_TO_32_BIT_CONVERSION = YES;
				GCC_WARN_ABOUT_RETURN_TYPE = YES_ERROR;
				GCC_WARN_UNDECLARED_SELECTOR = YES;
				GCC_WARN_UNINITIALIZED_AUTOS = YES_AGGRESSIVE;
				GCC_WARN_UNUSED_FUNCTION = YES;
				GCC_WARN_UNUSED_VARIABLE = YES;
				MACOSX_DEPLOYMENT_TARGET = 10.13;
				MTL_ENABLE_DEBUG_INFO = NO;
				MTL_FAST_MATH = YES;
				SDKROOT = macosx;
			};
			name = Release;
		};
		C459806021B1DE0F001B8375 /* Debug */ = {
			isa = XCBuildConfiguration;
			buildSettings = {
				CODE_SIGN_STYLE = Automatic;
				GCC_PREPROCESSOR_DEFINITIONS = (
					"DEBUG=1",
					"$(inherited)",
					"__MACOS64_ENV__=1",
				);
				HEADER_SEARCH_PATHS = (
					"$(PROJECT_DIR)/../../src",
					"$(PROJECT_DIR)/../../tests",
					"$(HOME)/git/Support/lib/macos64/libCmn/include",
				);
				LIBRARY_SEARCH_PATHS = "$(HOME)/git/Support/lib/macos64/libCmn/";
				PRODUCT_NAME = "$(TARGET_NAME)";
			};
			name = Debug;
		};
		C459806121B1DE0F001B8375 /* Release */ = {
			isa = XCBuildConfiguration;
			buildSettings = {
				CODE_SIGN_STYLE = Automatic;
				GCC_PREPROCESSOR_DEFINITIONS = "__MACOS64_ENV__=1";
				HEADER_SEARCH_PATHS = (
					"$(PROJECT_DIR)/../../src",
					"$(PROJECT_DIR)/../../tests",
					"$(HOME)/git/Support/lib/macos64/libCmn/include",
				);
				LIBRARY_SEARCH_PATHS = "$(HOME)/git/Support/lib/macos64/libCmn/";
				PRODUCT_NAME = "$(TARGET_NAME)";
			};
			name = Release;
		};
/* End XCBuildConfiguration section */

/* Begin XCConfigurationList section */
		C459805321B1DE0F001B8375 /* Build configuration list for PBXProject "test_genObject" */ = {
			isa = XCConfigurationList;
			buildConfigurations = (
				C459805D21B1DE0F001B8375 /* Debug */,
				C459805E21B1DE0F001B8375 /* Release */,
			);
			defaultConfigurationIsVisible = 0;
			defaultConfigurationName = Release;
		};
		C459805F21B1DE0F001B8375 /* Build configuration list for PBXNativeTarget "test_genObject" */ = {
			isa = XCConfigurationList;
			buildConfigurations = (
				C459806021B1DE0F001B8375 /* Debug */,
				C459806121B1DE0F001B8375 /* Release */,
			);
			defaultConfigurationIsVisible = 0;
			defaultConfigurationName = Release;
		};
/* End XCConfigurationList section */
	};
	rootObject = C459805021B1DE0F001B8375 /* Project object */;
}
